{
  "version": 4,
  "terraform_version": "1.9.8",
  "serial": 22,
  "lineage": "5ffeac3b-9261-7b30-2256-8a76eb2525db",
  "outputs": {},
  "resources": [
    {
      "mode": "managed",
      "type": "kubernetes_limit_range",
      "name": "app",
      "provider": "provider[\"registry.terraform.io/hashicorp/kubernetes\"]",
      "instances": [
        {
          "schema_version": 0,
          "attributes": {
            "id": "sa-p8/sa-p8-limits",
            "metadata": [
              {
                "annotations": null,
                "generate_name": "",
                "generation": 0,
                "labels": null,
                "name": "sa-p8-limits",
                "namespace": "sa-p8",
                "resource_version": "3177",
                "uid": "2049a732-e81d-4d03-8ffb-f82d0d762c3f"
              }
            ],
            "spec": [
              {
                "limit": [
                  {
                    "default": {
                      "cpu": "200m",
                      "memory": "256Mi"
                    },
                    "default_request": {
                      "cpu": "50m",
                      "memory": "64Mi"
                    },
                    "max": {
                      "cpu": "500m",
                      "memory": "512Mi"
                    },
                    "max_limit_request_ratio": null,
                    "min": {
                      "cpu": "10m",
                      "memory": "16Mi"
                    },
                    "type": "Container"
                  }
                ]
              }
            ]
          },
          "sensitive_attributes": [],
          "private": "bnVsbA==",
          "dependencies": [
            "kubernetes_namespace.app"
          ]
        }
      ]
    },
    {
      "mode": "managed",
      "type": "kubernetes_namespace",
      "name": "app",
      "provider": "provider[\"registry.terraform.io/hashicorp/kubernetes\"]",
      "instances": [
        {
          "schema_version": 0,
          "attributes": {
            "id": "sa-p8",
            "metadata": [
              {
                "annotations": null,
                "generate_name": "",
                "generation": 0,
                "labels": {
                  "app.kubernetes.io/managed-by": "terraform",
                  "app.kubernetes.io/part-of": "sa-p8"
                },
                "name": "sa-p8",
                "resource_version": "3169",
                "uid": "a4652b43-c546-4741-81ca-03d1b32765e5"
              }
            ],
            "timeouts": null,
            "wait_for_default_service_account": false
          },
          "sensitive_attributes": [],
          "private": "eyJlMmJmYjczMC1lY2FhLTExZTYtOGY4OC0zNDM2M2JjN2M0YzAiOnsiZGVsZXRlIjozMDAwMDAwMDAwMDB9fQ=="
        }
      ]
    },
    {
      "mode": "managed",
      "type": "kubernetes_resource_quota",
      "name": "app",
      "provider": "provider[\"registry.terraform.io/hashicorp/kubernetes\"]",
      "instances": [
        {
          "schema_version": 0,
          "attributes": {
            "id": "sa-p8/sa-p8-quota",
            "metadata": [
              {
                "annotations": null,
                "generate_name": "",
                "generation": 0,
                "labels": null,
                "name": "sa-p8-quota",
                "namespace": "sa-p8",
                "resource_version": "3182",
                "uid": "896bb93c-0f44-45cd-ba89-cae5707de4dd"
              }
            ],
            "spec": [
              {
                "hard": {
                  "limits.cpu": "3",
                  "limits.memory": "3Gi",
                  "persistentvolumeclaims": "5",
                  "pods": "30",
                  "requests.cpu": "1500m",
                  "requests.memory": "1536Mi"
                },
                "scope_selector": [],
                "scopes": null
              }
            ],
            "timeouts": null
          },
          "sensitive_attributes": [],
          "private": "eyJlMmJmYjczMC1lY2FhLTExZTYtOGY4OC0zNDM2M2JjN2M0YzAiOnsiY3JlYXRlIjo2MDAwMDAwMDAwMCwidXBkYXRlIjo2MDAwMDAwMDAwMH19",
          "dependencies": [
            "kubernetes_namespace.app"
          ]
        }
      ]
    },
    {
      "mode": "managed",
      "type": "kubernetes_role",
      "name": "service",
      "provider": "provider[\"registry.terraform.io/hashicorp/kubernetes\"]",
      "instances": [
        {
          "index_key": "api-gateway",
          "schema_version": 0,
          "attributes": {
            "id": "sa-p8/api-gateway",
            "metadata": [
              {
                "annotations": null,
                "generate_name": "",
                "generation": 0,
                "labels": null,
                "name": "api-gateway",
                "namespace": "sa-p8",
                "resource_version": "3174",
                "uid": "d7a24eed-db13-4a49-bf60-dc3e2f177be1"
              }
            ],
            "rule": [
              {
                "api_groups": [
                  ""
                ],
                "resource_names": [
                  "api-gateway"
                ],
                "resources": [
                  "configmaps"
                ],
                "verbs": [
                  "get"
                ]
              }
            ]
          },
          "sensitive_attributes": [],
          "private": "bnVsbA==",
          "dependencies": [
            "kubernetes_namespace.app"
          ]
        },
        {
          "index_key": "auth-service",
          "schema_version": 0,
          "attributes": {
            "id": "sa-p8/auth-service",
            "metadata": [
              {
                "annotations": null,
                "generate_name": "",
                "generation": 0,
                "labels": null,
                "name": "auth-service",
                "namespace": "sa-p8",
                "resource_version": "3179",
                "uid": "698217ee-83bc-4a4e-b25e-3ffff26dc18d"
              }
            ],
            "rule": [
              {
                "api_groups": [
                  ""
                ],
                "resource_names": [
                  "auth-service"
                ],
                "resources": [
                  "configmaps"
                ],
                "verbs": [
                  "get"
                ]
              }
            ]
          },
          "sensitive_attributes": [],
          "private": "bnVsbA==",
          "dependencies": [
            "kubernetes_namespace.app"
          ]
        },
        {
          "index_key": "authz-service",
          "schema_version": 0,
          "attributes": {
            "id": "sa-p8/authz-service",
            "metadata": [
              {
                "annotations": null,
                "generate_name": "",
                "generation": 0,
                "labels": null,
                "name": "authz-service",
                "namespace": "sa-p8",
                "resource_version": "3185",
                "uid": "8f37aadc-b4be-4e5f-9101-13de8801deba"
              }
            ],
            "rule": [
              {
                "api_groups": [
                  ""
                ],
                "resource_names": [
                  "authz-service"
                ],
                "resources": [
                  "configmaps"
                ],
                "verbs": [
                  "get"
                ]
              }
            ]
          },
          "sensitive_attributes": [],
          "private": "bnVsbA==",
          "dependencies": [
            "kubernetes_namespace.app"
          ]
        },
        {
          "index_key": "pedidos-service",
          "schema_version": 0,
          "attributes": {
            "id": "sa-p8/pedidos-service",
            "metadata": [
              {
                "annotations": null,
                "generate_name": "",
                "generation": 0,
                "labels": null,
                "name": "pedidos-service",
                "namespace": "sa-p8",
                "resource_version": "3186",
                "uid": "bd552a6e-92a3-4aa2-aba3-ec383342e07f"
              }
            ],
            "rule": [
              {
                "api_groups": [
                  ""
                ],
                "resource_names": [
                  "pedidos-service"
                ],
                "resources": [
                  "configmaps"
                ],
                "verbs": [
                  "get"
                ]
              }
            ]
          },
          "sensitive_attributes": [],
          "private": "bnVsbA==",
          "dependencies": [
            "kubernetes_namespace.app"
          ]
        },
        {
          "index_key": "productos-service",
          "schema_version": 0,
          "attributes": {
            "id": "sa-p8/productos-service",
            "metadata": [
              {
                "annotations": null,
                "generate_name": "",
                "generation": 0,
                "labels": null,
                "name": "productos-service",
                "namespace": "sa-p8",
                "resource_version": "3175",
                "uid": "c33ce6f9-76b6-40cd-beb3-473209ef8547"
              }
            ],
            "rule": [
              {
                "api_groups": [
                  ""
                ],
                "resource_names": [
                  "productos-service"
                ],
                "resources": [
                  "configmaps"
                ],
                "verbs": [
                  "get"
                ]
              }
            ]
          },
          "sensitive_attributes": [],
          "private": "bnVsbA==",
          "dependencies": [
            "kubernetes_namespace.app"
          ]
        },
        {
          "index_key": "reportes-service",
          "schema_version": 0,
          "attributes": {
            "id": "sa-p8/reportes-service",
            "metadata": [
              {
                "annotations": null,
                "generate_name": "",
                "generation": 0,
                "labels": null,
                "name": "reportes-service",
                "namespace": "sa-p8",
                "resource_version": "3180",
                "uid": "79e5d897-bf3b-4daa-8c1a-ceb2966db3c3"
              }
            ],
            "rule": [
              {
                "api_groups": [
                  ""
                ],
                "resource_names": [
                  "reportes-service"
                ],
                "resources": [
                  "configmaps"
                ],
                "verbs": [
                  "get"
                ]
              }
            ]
          },
          "sensitive_attributes": [],
          "private": "bnVsbA==",
          "dependencies": [
            "kubernetes_namespace.app"
          ]
        }
      ]
    },
    {
      "mode": "managed",
      "type": "kubernetes_role_binding",
      "name": "service",
      "provider": "provider[\"registry.terraform.io/hashicorp/kubernetes\"]",
      "instances": [
        {
          "index_key": "api-gateway",
          "schema_version": 0,
          "attributes": {
            "id": "sa-p8/api-gateway",
            "metadata": [
              {
                "annotations": null,
                "generate_name": "",
                "generation": 0,
                "labels": null,
                "name": "api-gateway",
                "namespace": "sa-p8",
                "resource_version": "3188",
                "uid": "ec68e011-4f97-4672-90c1-af6b11cfea7f"
              }
            ],
            "role_ref": [
              {
                "api_group": "rbac.authorization.k8s.io",
                "kind": "Role",
                "name": "api-gateway"
              }
            ],
            "subject": [
              {
                "api_group": "",
                "kind": "ServiceAccount",
                "name": "api-gateway",
                "namespace": "sa-p8"
              }
            ]
          },
          "sensitive_attributes": [],
          "private": "bnVsbA==",
          "dependencies": [
            "kubernetes_namespace.app",
            "kubernetes_role.service",
            "kubernetes_service_account.service"
          ]
        },
        {
          "index_key": "auth-service",
          "schema_version": 0,
          "attributes": {
            "id": "sa-p8/auth-service",
            "metadata": [
              {
                "annotations": null,
                "generate_name": "",
                "generation": 0,
                "labels": null,
                "name": "auth-service",
                "namespace": "sa-p8",
                "resource_version": "3192",
                "uid": "41a392bd-b367-4161-9e1b-b9afa57453ea"
              }
            ],
            "role_ref": [
              {
                "api_group": "rbac.authorization.k8s.io",
                "kind": "Role",
                "name": "auth-service"
              }
            ],
            "subject": [
              {
                "api_group": "",
                "kind": "ServiceAccount",
                "name": "auth-service",
                "namespace": "sa-p8"
              }
            ]
          },
          "sensitive_attributes": [],
          "private": "bnVsbA==",
          "dependencies": [
            "kubernetes_namespace.app",
            "kubernetes_role.service",
            "kubernetes_service_account.service"
          ]
        },
        {
          "index_key": "authz-service",
          "schema_version": 0,
          "attributes": {
            "id": "sa-p8/authz-service",
            "metadata": [
              {
                "annotations": null,
                "generate_name": "",
                "generation": 0,
                "labels": null,
                "name": "authz-service",
                "namespace": "sa-p8",
                "resource_version": "3189",
                "uid": "7f896743-e11f-4bd2-a319-e6d35b7805d0"
              }
            ],
            "role_ref": [
              {
                "api_group": "rbac.authorization.k8s.io",
                "kind": "Role",
                "name": "authz-service"
              }
            ],
            "subject": [
              {
                "api_group": "",
                "kind": "ServiceAccount",
                "name": "authz-service",
                "namespace": "sa-p8"
              }
            ]
          },
          "sensitive_attributes": [],
          "private": "bnVsbA==",
          "dependencies": [
            "kubernetes_namespace.app",
            "kubernetes_role.service",
            "kubernetes_service_account.service"
          ]
        },
        {
          "index_key": "pedidos-service",
          "schema_version": 0,
          "attributes": {
            "id": "sa-p8/pedidos-service",
            "metadata": [
              {
                "annotations": null,
                "generate_name": "",
                "generation": 0,
                "labels": null,
                "name": "pedidos-service",
                "namespace": "sa-p8",
                "resource_version": "3191",
                "uid": "b3abac74-4663-49c9-aa5f-5f442d27de0b"
              }
            ],
            "role_ref": [
              {
                "api_group": "rbac.authorization.k8s.io",
                "kind": "Role",
                "name": "pedidos-service"
              }
            ],
            "subject": [
              {
                "api_group": "",
                "kind": "ServiceAccount",
                "name": "pedidos-service",
                "namespace": "sa-p8"
              }
            ]
          },
          "sensitive_attributes": [],
          "private": "bnVsbA==",
          "dependencies": [
            "kubernetes_namespace.app",
            "kubernetes_role.service",
            "kubernetes_service_account.service"
          ]
        },
        {
          "index_key": "productos-service",
          "schema_version": 0,
          "attributes": {
            "id": "sa-p8/productos-service",
            "metadata": [
              {
                "annotations": null,
                "generate_name": "",
                "generation": 0,
                "labels": null,
                "name": "productos-service",
                "namespace": "sa-p8",
                "resource_version": "3190",
                "uid": "78695c0a-297f-4670-867a-680b3eb1d8f2"
              }
            ],
            "role_ref": [
              {
                "api_group": "rbac.authorization.k8s.io",
                "kind": "Role",
                "name": "productos-service"
              }
            ],
            "subject": [
              {
                "api_group": "",
                "kind": "ServiceAccount",
                "name": "productos-service",
                "namespace": "sa-p8"
              }
            ]
          },
          "sensitive_attributes": [],
          "private": "bnVsbA==",
          "dependencies": [
            "kubernetes_namespace.app",
            "kubernetes_role.service",
            "kubernetes_service_account.service"
          ]
        },
        {
          "index_key": "reportes-service",
          "schema_version": 0,
          "attributes": {
            "id": "sa-p8/reportes-service",
            "metadata": [
              {
                "annotations": null,
                "generate_name": "",
                "generation": 0,
                "labels": null,
                "name": "reportes-service",
                "namespace": "sa-p8",
                "resource_version": "3193",
                "uid": "24087831-50d3-442b-9eed-362ef96afaf8"
              }
            ],
            "role_ref": [
              {
                "api_group": "rbac.authorization.k8s.io",
                "kind": "Role",
                "name": "reportes-service"
              }
            ],
            "subject": [
              {
                "api_group": "",
                "kind": "ServiceAccount",
                "name": "reportes-service",
                "namespace": "sa-p8"
              }
            ]
          },
          "sensitive_attributes": [],
          "private": "bnVsbA==",
          "dependencies": [
            "kubernetes_namespace.app",
            "kubernetes_role.service",
            "kubernetes_service_account.service"
          ]
        }
      ]
    },
    {
      "mode": "managed",
      "type": "kubernetes_service_account",
      "name": "service",
      "provider": "provider[\"registry.terraform.io/hashicorp/kubernetes\"]",
      "instances": [
        {
          "index_key": "api-gateway",
          "schema_version": 0,
          "attributes": {
            "automount_service_account_token": false,
            "default_secret_name": "",
            "id": "sa-p8/api-gateway",
            "image_pull_secret": [],
            "metadata": [
              {
                "annotations": null,
                "generate_name": "",
                "generation": 0,
                "labels": null,
                "name": "api-gateway",
                "namespace": "sa-p8",
                "resource_version": "3172",
                "uid": "3cb2ece9-45d7-4250-99d2-d092673519e4"
              }
            ],
            "secret": [],
            "timeouts": null
          },
          "sensitive_attributes": [],
          "private": "eyJlMmJmYjczMC1lY2FhLTExZTYtOGY4OC0zNDM2M2JjN2M0YzAiOnsiY3JlYXRlIjozMDAwMDAwMDAwMH19",
          "dependencies": [
            "kubernetes_namespace.app"
          ]
        },
        {
          "index_key": "auth-service",
          "schema_version": 0,
          "attributes": {
            "automount_service_account_token": false,
            "default_secret_name": "",
            "id": "sa-p8/auth-service",
            "image_pull_secret": [],
            "metadata": [
              {
                "annotations": null,
                "generate_name": "",
                "generation": 0,
                "labels": null,
                "name": "auth-service",
                "namespace": "sa-p8",
                "resource_version": "3184",
                "uid": "959d2041-d6f1-4786-8fe5-085c12e33c5e"
              }
            ],
            "secret": [],
            "timeouts": null
          },
          "sensitive_attributes": [],
          "private": "eyJlMmJmYjczMC1lY2FhLTExZTYtOGY4OC0zNDM2M2JjN2M0YzAiOnsiY3JlYXRlIjozMDAwMDAwMDAwMH19",
          "dependencies": [
            "kubernetes_namespace.app"
          ]
        },
        {
          "index_key": "authz-service",
          "schema_version": 0,
          "attributes": {
            "automount_service_account_token": false,
            "default_secret_name": "",
            "id": "sa-p8/authz-service",
            "image_pull_secret": [],
            "metadata": [
              {
                "annotations": null,
                "generate_name": "",
                "generation": 0,
                "labels": null,
                "name": "authz-service",
                "namespace": "sa-p8",
                "resource_version": "3187",
                "uid": "cb4d46f1-8069-41cf-9bd8-b36bd59c2f8c"
              }
            ],
            "secret": [],
            "timeouts": null
          },
          "sensitive_attributes": [],
          "private": "eyJlMmJmYjczMC1lY2FhLTExZTYtOGY4OC0zNDM2M2JjN2M0YzAiOnsiY3JlYXRlIjozMDAwMDAwMDAwMH19",
          "dependencies": [
            "kubernetes_namespace.app"
          ]
        },
        {
          "index_key": "pedidos-service",
          "schema_version": 0,
          "attributes": {
            "automount_service_account_token": false,
            "default_secret_name": "",
            "id": "sa-p8/pedidos-service",
            "image_pull_secret": [],
            "metadata": [
              {
                "annotations": null,
                "generate_name": "",
                "generation": 0,
                "labels": null,
                "name": "pedidos-service",
                "namespace": "sa-p8",
                "resource_version": "3178",
                "uid": "3d0b0197-3011-4587-9f7e-2e6952c76a90"
              }
            ],
            "secret": [],
            "timeouts": null
          },
          "sensitive_attributes": [],
          "private": "eyJlMmJmYjczMC1lY2FhLTExZTYtOGY4OC0zNDM2M2JjN2M0YzAiOnsiY3JlYXRlIjozMDAwMDAwMDAwMH19",
          "dependencies": [
            "kubernetes_namespace.app"
          ]
        },
        {
          "index_key": "productos-service",
          "schema_version": 0,
          "attributes": {
            "automount_service_account_token": false,
            "default_secret_name": "",
            "id": "sa-p8/productos-service",
            "image_pull_secret": [],
            "metadata": [
              {
                "annotations": null,
                "generate_name": "",
                "generation": 0,
                "labels": null,
                "name": "productos-service",
                "namespace": "sa-p8",
                "resource_version": "3176",
                "uid": "b82d848c-8a14-4bfd-9097-58f024036d2e"
              }
            ],
            "secret": [],
            "timeouts": null
          },
          "sensitive_attributes": [],
          "private": "eyJlMmJmYjczMC1lY2FhLTExZTYtOGY4OC0zNDM2M2JjN2M0YzAiOnsiY3JlYXRlIjozMDAwMDAwMDAwMH19",
          "dependencies": [
            "kubernetes_namespace.app"
          ]
        },
        {
          "index_key": "reportes-service",
          "schema_version": 0,
          "attributes": {
            "automount_service_account_token": false,
            "default_secret_name": "",
            "id": "sa-p8/reportes-service",
            "image_pull_secret": [],
            "metadata": [
              {
                "annotations": null,
                "generate_name": "",
                "generation": 0,
                "labels": null,
                "name": "reportes-service",
                "namespace": "sa-p8",
                "resource_version": "3173",
                "uid": "73248745-444c-42db-acb5-ad7e30ff4468"
              }
            ],
            "secret": [],
            "timeouts": null
          },
          "sensitive_attributes": [],
          "private": "eyJlMmJmYjczMC1lY2FhLTExZTYtOGY4OC0zNDM2M2JjN2M0YzAiOnsiY3JlYXRlIjozMDAwMDAwMDAwMH19",
          "dependencies": [
            "kubernetes_namespace.app"
          ]
        }
      ]
    }
  ],
  "check_results": null
}
